
Microsoft Visual Studio Solution File, Format Version 12.00
# Visual Studio Version 16
VisualStudioVersion = 16.0.28803.452
MinimumVisualStudioVersion = 10.0.40219.1
Project("{9A19103F-16F7-4668-BE54-9A1E7A4F7556}") = "Rema.ServiceLayer", "Rema.ServiceLayer\Rema.ServiceLayer.csproj", "{9B40007E-9D9E-4DFB-A3F8-CCCEB844B467}"
EndProject
Project("{9A19103F-16F7-4668-BE54-9A1E7A4F7556}") = "Rema.Infrastructure", "Rema.Infrastructure\Rema.Infrastructure.csproj", "{6CB88CAB-9482-4B56-AF71-9B5BC4FC4CD6}"
EndProject
Project("{9A19103F-16F7-4668-BE54-9A1E7A4F7556}") = "Rema.DbAccess", "Rema.DbAccess\Rema.DbAccess.csproj", "{0BE4EA80-B100-4509-AB56-1240F92693CC}"
EndProject
Project("{9A19103F-16F7-4668-BE54-9A1E7A4F7556}") = "Rema.WebApi", "Rema.WebApi\Rema.WebApi.csproj", "{4B1E2ECD-E46D-416F-BC12-83A11749091F}"
EndProject
Project("{2150E333-8FDC-42A3-9474-1A3956D46DE8}") = "Solution Items", "Solution Items", "{A4C225D7-96C2-4F32-9D2A-AAD49E499D55}"
	ProjectSection(SolutionItems) = preProject
		.editorconfig = .editorconfig
	EndProjectSection
EndProject
Project("{FAE04EC0-301F-11D3-BF4B-00C04F79EFBC}") = "Rema.Tests", "Rema.Tests\Rema.Tests.csproj", "{72E6F7F5-1919-4B28-9A6F-B848007B1D4C}"
EndProject
Global
	GlobalSection(SolutionConfigurationPlatforms) = preSolution
		Debug|Any CPU = Debug|Any CPU
		Release|Any CPU = Release|Any CPU
	EndGlobalSection
	GlobalSection(ProjectConfigurationPlatforms) = postSolution
		{9B40007E-9D9E-4DFB-A3F8-CCCEB844B467}.Debug|Any CPU.ActiveCfg = Debug|Any CPU
		{9B40007E-9D9E-4DFB-A3F8-CCCEB844B467}.Debug|Any CPU.Build.0 = Debug|Any CPU
		{9B40007E-9D9E-4DFB-A3F8-CCCEB844B467}.Release|Any CPU.ActiveCfg = Release|Any CPU
		{9B40007E-9D9E-4DFB-A3F8-CCCEB844B467}.Release|Any CPU.Build.0 = Release|Any CPU
		{6CB88CAB-9482-4B56-AF71-9B5BC4FC4CD6}.Debug|Any CPU.ActiveCfg = Debug|Any CPU
		{6CB88CAB-9482-4B56-AF71-9B5BC4FC4CD6}.Debug|Any CPU.Build.0 = Debug|Any CPU
		{6CB88CAB-9482-4B56-AF71-9B5BC4FC4CD6}.Release|Any CPU.ActiveCfg = Release|Any CPU
		{6CB88CAB-9482-4B56-AF71-9B5BC4FC4CD6}.Release|Any CPU.Build.0 = Release|Any CPU
		{0BE4EA80-B100-4509-AB56-1240F92693CC}.Debug|Any CPU.ActiveCfg = Debug|Any CPU
		{0BE4EA80-B100-4509-AB56-1240F92693CC}.Debug|Any CPU.Build.0 = Debug|Any CPU
		{0BE4EA80-B100-4509-AB56-1240F92693CC}.Release|Any CPU.ActiveCfg = Release|Any CPU
		{0BE4EA80-B100-4509-AB56-1240F92693CC}.Release|Any CPU.Build.0 = Release|Any CPU
		{4B1E2ECD-E46D-416F-BC12-83A11749091F}.Debug|Any CPU.ActiveCfg = Debug|Any CPU
		{4B1E2ECD-E46D-416F-BC12-83A11749091F}.Debug|Any CPU.Build.0 = Debug|Any CPU
		{4B1E2ECD-E46D-416F-BC12-83A11749091F}.Release|Any CPU.ActiveCfg = Release|Any CPU
		{4B1E2ECD-E46D-416F-BC12-83A11749091F}.Release|Any CPU.Build.0 = Release|Any CPU
		{72E6F7F5-1919-4B28-9A6F-B848007B1D4C}.Debug|Any CPU.ActiveCfg = Debug|Any CPU
		{72E6F7F5-1919-4B28-9A6F-B848007B1D4C}.Debug|Any CPU.Build.0 = Debug|Any CPU
		{72E6F7F5-1919-4B28-9A6F-B848007B1D4C}.Release|Any CPU.ActiveCfg = Release|Any CPU
		{72E6F7F5-1919-4B28-9A6F-B848007B1D4C}.Release|Any CPU.Build.0 = Release|Any CPU
	EndGlobalSection
	GlobalSection(SolutionProperties) = preSolution
		HideSolutionNode = FALSE
	EndGlobalSection
	GlobalSection(ExtensibilityGlobals) = postSolution
		SolutionGuid = {0D30DAED-9B27-4A29-8682-98E9C93D45C7}
	EndGlobalSection
EndGlobal
